
Microsoft Visual Studio Solution File, Format Version 12.00
# Visual Studio Version 17
VisualStudioVersion = 17.1.32421.90
MinimumVisualStudioVersion = 10.0.40219.1
Project("{FAE04EC0-301F-11D3-BF4B-00C04F79EFBC}") = "ILGPUTest", "ILGPUTest.csproj", "{3B780D2F-A4C4-4D58-ADD8-79E3DCF5E8F3}"
EndProject
Global
	GlobalSection(SolutionConfigurationPlatforms) = preSolution
		Debug|Any CPU = Debug|Any CPU
		Release|Any CPU = Release|Any CPU
	EndGlobalSection
	GlobalSection(ProjectConfigurationPlatforms) = postSolution
		{3B780D2F-A4C4-4D58-ADD8-79E3DCF5E8F3}.Debug|Any CPU.ActiveCfg = Debug|Any CPU
		{3B780D2F-A4C4-4D58-ADD8-79E3DCF5E8F3}.Debug|Any CPU.Build.0 = Debug|Any CPU
		{3B780D2F-A4C4-4D58-ADD8-79E3DCF5E8F3}.Release|Any CPU.ActiveCfg = Release|Any CPU
		{3B780D2F-A4C4-4D58-ADD8-79E3DCF5E8F3}.Release|Any CPU.Build.0 = Release|Any CPU
	EndGlobalSection
	GlobalSection(SolutionProperties) = preSolution
		HideSolutionNode = FALSE
	EndGlobalSection
	GlobalSection(ExtensibilityGlobals) = postSolution
		SolutionGuid = {612348DB-B9F8-4DF5-BD0C-369CC4B813AB}
	EndGlobalSection
EndGlobal
